[[package]]
name = "aho-corasick"
version = "0.6.8"
source = "registry+https://github.com/rust-lang/crates.io-index"
dependencies = [
 "memchr 2.1.0 (registry+https://github.com/rust-lang/crates.io-index)",
]

[[package]]
name = "arrayref"
version = "0.3.5"
source = "registry+https://github.com/rust-lang/crates.io-index"

[[package]]
name = "ascii-canvas"
version = "1.0.0"
source = "registry+https://github.com/rust-lang/crates.io-index"
dependencies = [
 "term 0.4.6 (registry+https://github.com/rust-lang/crates.io-index)",
]

[[package]]
name = "atty"
version = "0.1.2"
source = "registry+https://github.com/rust-lang/crates.io-index"
dependencies = [
 "kernel32-sys 0.2.2 (registry+https://github.com/rust-lang/crates.io-index)",
 "libc 0.2.43 (registry+https://github.com/rust-lang/crates.io-index)",
 "winapi 0.2.8 (registry+https://github.com/rust-lang/crates.io-index)",
]

[[package]]
name = "atty"
version = "0.2.11"
source = "registry+https://github.com/rust-lang/crates.io-index"
dependencies = [
 "libc 0.2.43 (registry+https://github.com/rust-lang/crates.io-index)",
 "termion 1.5.1 (registry+https://github.com/rust-lang/crates.io-index)",
 "winapi 0.3.6 (registry+https://github.com/rust-lang/crates.io-index)",
]

[[package]]
name = "backtrace"
version = "0.3.9"
source = "registry+https://github.com/rust-lang/crates.io-index"
dependencies = [
 "backtrace-sys 0.1.24 (registry+https://github.com/rust-lang/crates.io-index)",
 "cfg-if 0.1.6 (registry+https://github.com/rust-lang/crates.io-index)",
 "libc 0.2.43 (registry+https://github.com/rust-lang/crates.io-index)",
 "rustc-demangle 0.1.9 (registry+https://github.com/rust-lang/crates.io-index)",
 "winapi 0.3.6 (registry+https://github.com/rust-lang/crates.io-index)",
]

[[package]]
name = "backtrace-sys"
version = "0.1.24"
source = "registry+https://github.com/rust-lang/crates.io-index"
dependencies = [
 "cc 1.0.25 (registry+https://github.com/rust-lang/crates.io-index)",
 "libc 0.2.43 (registry+https://github.com/rust-lang/crates.io-index)",
]

[[package]]
name = "bit-set"
version = "0.4.0"
source = "registry+https://github.com/rust-lang/crates.io-index"
dependencies = [
 "bit-vec 0.4.4 (registry+https://github.com/rust-lang/crates.io-index)",
]

[[package]]
name = "bit-vec"
version = "0.4.4"
source = "registry+https://github.com/rust-lang/crates.io-index"

[[package]]
name = "bitflags"
version = "1.0.4"
source = "registry+https://github.com/rust-lang/crates.io-index"

[[package]]
name = "block-buffer"
version = "0.3.3"
source = "registry+https://github.com/rust-lang/crates.io-index"
dependencies = [
 "arrayref 0.3.5 (registry+https://github.com/rust-lang/crates.io-index)",
 "byte-tools 0.2.0 (registry+https://github.com/rust-lang/crates.io-index)",
]

[[package]]
name = "byte-tools"
version = "0.2.0"
source = "registry+https://github.com/rust-lang/crates.io-index"

[[package]]
name = "byteorder"
version = "1.2.6"
source = "registry+https://github.com/rust-lang/crates.io-index"

[[package]]
name = "cc"
version = "1.0.25"
source = "registry+https://github.com/rust-lang/crates.io-index"

[[package]]
name = "cfg-if"
version = "0.1.6"
source = "registry+https://github.com/rust-lang/crates.io-index"

[[package]]
name = "cloudabi"
version = "0.0.3"
source = "registry+https://github.com/rust-lang/crates.io-index"
dependencies = [
 "bitflags 1.0.4 (registry+https://github.com/rust-lang/crates.io-index)",
]

[[package]]
name = "diff"
version = "0.1.11"
source = "registry+https://github.com/rust-lang/crates.io-index"

[[package]]
name = "digest"
version = "0.7.6"
source = "registry+https://github.com/rust-lang/crates.io-index"
dependencies = [
 "generic-array 0.9.0 (registry+https://github.com/rust-lang/crates.io-index)",
]

[[package]]
name = "docopt"
version = "0.8.3"
source = "registry+https://github.com/rust-lang/crates.io-index"
dependencies = [
 "lazy_static 1.1.0 (registry+https://github.com/rust-lang/crates.io-index)",
 "regex 0.2.11 (registry+https://github.com/rust-lang/crates.io-index)",
 "serde 1.0.80 (registry+https://github.com/rust-lang/crates.io-index)",
 "serde_derive 1.0.80 (registry+https://github.com/rust-lang/crates.io-index)",
 "strsim 0.6.0 (registry+https://github.com/rust-lang/crates.io-index)",
]

[[package]]
name = "either"
version = "1.5.0"
source = "registry+https://github.com/rust-lang/crates.io-index"

[[package]]
name = "ena"
version = "0.5.0"
source = "registry+https://github.com/rust-lang/crates.io-index"

[[package]]
name = "env_logger"
version = "0.6.0"
source = "registry+https://github.com/rust-lang/crates.io-index"
dependencies = [
 "atty 0.2.11 (registry+https://github.com/rust-lang/crates.io-index)",
 "humantime 1.2.0 (registry+https://github.com/rust-lang/crates.io-index)",
 "log 0.4.5 (registry+https://github.com/rust-lang/crates.io-index)",
 "regex 1.0.5 (registry+https://github.com/rust-lang/crates.io-index)",
 "termcolor 1.0.4 (registry+https://github.com/rust-lang/crates.io-index)",
]

[[package]]
name = "failure"
version = "0.1.3"
source = "registry+https://github.com/rust-lang/crates.io-index"
dependencies = [
 "backtrace 0.3.9 (registry+https://github.com/rust-lang/crates.io-index)",
 "failure_derive 0.1.3 (registry+https://github.com/rust-lang/crates.io-index)",
]

[[package]]
name = "failure_derive"
version = "0.1.3"
source = "registry+https://github.com/rust-lang/crates.io-index"
dependencies = [
 "proc-macro2 0.4.20 (registry+https://github.com/rust-lang/crates.io-index)",
 "quote 0.6.8 (registry+https://github.com/rust-lang/crates.io-index)",
 "syn 0.15.13 (registry+https://github.com/rust-lang/crates.io-index)",
 "synstructure 0.10.1 (registry+https://github.com/rust-lang/crates.io-index)",
]

[[package]]
name = "fake-simd"
version = "0.1.2"
source = "registry+https://github.com/rust-lang/crates.io-index"

[[package]]
name = "fixedbitset"
version = "0.1.9"
source = "registry+https://github.com/rust-lang/crates.io-index"

[[package]]
name = "fuchsia-zircon"
version = "0.3.3"
source = "registry+https://github.com/rust-lang/crates.io-index"
dependencies = [
 "bitflags 1.0.4 (registry+https://github.com/rust-lang/crates.io-index)",
 "fuchsia-zircon-sys 0.3.3 (registry+https://github.com/rust-lang/crates.io-index)",
]

[[package]]
name = "fuchsia-zircon-sys"
version = "0.3.3"
source = "registry+https://github.com/rust-lang/crates.io-index"

[[package]]
name = "generic-array"
version = "0.9.0"
source = "registry+https://github.com/rust-lang/crates.io-index"
dependencies = [
 "typenum 1.10.0 (registry+https://github.com/rust-lang/crates.io-index)",
]

[[package]]
name = "heck"
version = "0.3.0"
source = "registry+https://github.com/rust-lang/crates.io-index"
dependencies = [
 "unicode-segmentation 1.2.1 (registry+https://github.com/rust-lang/crates.io-index)",
]

[[package]]
name = "humantime"
version = "1.2.0"
source = "registry+https://github.com/rust-lang/crates.io-index"
dependencies = [
 "quick-error 1.2.2 (registry+https://github.com/rust-lang/crates.io-index)",
]

[[package]]
name = "itertools"
version = "0.7.8"
source = "registry+https://github.com/rust-lang/crates.io-index"
dependencies = [
 "either 1.5.0 (registry+https://github.com/rust-lang/crates.io-index)",
]

[[package]]
name = "itoa"
version = "0.4.3"
source = "registry+https://github.com/rust-lang/crates.io-index"

[[package]]
name = "js-sys"
version = "0.3.6"
source = "registry+https://github.com/rust-lang/crates.io-index"
dependencies = [
 "wasm-bindgen 0.2.29 (registry+https://github.com/rust-lang/crates.io-index)",
]

[[package]]
name = "kernel32-sys"
version = "0.2.2"
source = "registry+https://github.com/rust-lang/crates.io-index"
dependencies = [
 "winapi 0.2.8 (registry+https://github.com/rust-lang/crates.io-index)",
 "winapi-build 0.1.1 (registry+https://github.com/rust-lang/crates.io-index)",
]

[[package]]
name = "lalrpop"
version = "0.15.2"
source = "registry+https://github.com/rust-lang/crates.io-index"
dependencies = [
 "ascii-canvas 1.0.0 (registry+https://github.com/rust-lang/crates.io-index)",
 "atty 0.1.2 (registry+https://github.com/rust-lang/crates.io-index)",
 "bit-set 0.4.0 (registry+https://github.com/rust-lang/crates.io-index)",
 "diff 0.1.11 (registry+https://github.com/rust-lang/crates.io-index)",
 "digest 0.7.6 (registry+https://github.com/rust-lang/crates.io-index)",
 "docopt 0.8.3 (registry+https://github.com/rust-lang/crates.io-index)",
 "ena 0.5.0 (registry+https://github.com/rust-lang/crates.io-index)",
 "itertools 0.7.8 (registry+https://github.com/rust-lang/crates.io-index)",
 "lalrpop-snap 0.15.2 (registry+https://github.com/rust-lang/crates.io-index)",
 "lalrpop-util 0.15.2 (registry+https://github.com/rust-lang/crates.io-index)",
 "petgraph 0.4.13 (registry+https://github.com/rust-lang/crates.io-index)",
 "regex 0.2.11 (registry+https://github.com/rust-lang/crates.io-index)",
 "regex-syntax 0.4.2 (registry+https://github.com/rust-lang/crates.io-index)",
 "serde 1.0.80 (registry+https://github.com/rust-lang/crates.io-index)",
 "serde_derive 1.0.80 (registry+https://github.com/rust-lang/crates.io-index)",
 "sha2 0.7.1 (registry+https://github.com/rust-lang/crates.io-index)",
 "string_cache 0.7.3 (registry+https://github.com/rust-lang/crates.io-index)",
 "term 0.4.6 (registry+https://github.com/rust-lang/crates.io-index)",
 "unicode-xid 0.1.0 (registry+https://github.com/rust-lang/crates.io-index)",
]

[[package]]
name = "lalrpop-snap"
version = "0.15.2"
source = "registry+https://github.com/rust-lang/crates.io-index"
dependencies = [
 "ascii-canvas 1.0.0 (registry+https://github.com/rust-lang/crates.io-index)",
 "atty 0.1.2 (registry+https://github.com/rust-lang/crates.io-index)",
 "bit-set 0.4.0 (registry+https://github.com/rust-lang/crates.io-index)",
 "diff 0.1.11 (registry+https://github.com/rust-lang/crates.io-index)",
 "ena 0.5.0 (registry+https://github.com/rust-lang/crates.io-index)",
 "itertools 0.7.8 (registry+https://github.com/rust-lang/crates.io-index)",
 "lalrpop-util 0.15.2 (registry+https://github.com/rust-lang/crates.io-index)",
 "petgraph 0.4.13 (registry+https://github.com/rust-lang/crates.io-index)",
 "regex 0.2.11 (registry+https://github.com/rust-lang/crates.io-index)",
 "regex-syntax 0.4.2 (registry+https://github.com/rust-lang/crates.io-index)",
 "string_cache 0.7.3 (registry+https://github.com/rust-lang/crates.io-index)",
 "term 0.4.6 (registry+https://github.com/rust-lang/crates.io-index)",
 "unicode-xid 0.1.0 (registry+https://github.com/rust-lang/crates.io-index)",
]

[[package]]
name = "lalrpop-util"
version = "0.15.2"
source = "registry+https://github.com/rust-lang/crates.io-index"

[[package]]
name = "lazy_static"
version = "1.1.0"
source = "registry+https://github.com/rust-lang/crates.io-index"
dependencies = [
 "version_check 0.1.5 (registry+https://github.com/rust-lang/crates.io-index)",
]

[[package]]
name = "libc"
version = "0.2.43"
source = "registry+https://github.com/rust-lang/crates.io-index"

[[package]]
name = "log"
version = "0.3.9"
source = "registry+https://github.com/rust-lang/crates.io-index"
dependencies = [
 "log 0.4.5 (registry+https://github.com/rust-lang/crates.io-index)",
]

[[package]]
name = "log"
version = "0.4.5"
source = "registry+https://github.com/rust-lang/crates.io-index"
dependencies = [
 "cfg-if 0.1.6 (registry+https://github.com/rust-lang/crates.io-index)",
]

[[package]]
name = "memchr"
version = "2.1.0"
source = "registry+https://github.com/rust-lang/crates.io-index"
dependencies = [
 "cfg-if 0.1.6 (registry+https://github.com/rust-lang/crates.io-index)",
 "libc 0.2.43 (registry+https://github.com/rust-lang/crates.io-index)",
 "version_check 0.1.5 (registry+https://github.com/rust-lang/crates.io-index)",
]

[[package]]
name = "new_debug_unreachable"
version = "1.0.1"
source = "registry+https://github.com/rust-lang/crates.io-index"
dependencies = [
 "unreachable 1.0.0 (registry+https://github.com/rust-lang/crates.io-index)",
]

[[package]]
name = "nom"
version = "4.1.1"
source = "registry+https://github.com/rust-lang/crates.io-index"
dependencies = [
 "memchr 2.1.0 (registry+https://github.com/rust-lang/crates.io-index)",
]

[[package]]
name = "num-bigint"
version = "0.2.1"
source = "registry+https://github.com/rust-lang/crates.io-index"
dependencies = [
 "num-integer 0.1.39 (registry+https://github.com/rust-lang/crates.io-index)",
 "num-traits 0.2.6 (registry+https://github.com/rust-lang/crates.io-index)",
]

[[package]]
name = "num-complex"
version = "0.2.1"
source = "registry+https://github.com/rust-lang/crates.io-index"
dependencies = [
 "num-traits 0.2.6 (registry+https://github.com/rust-lang/crates.io-index)",
]

[[package]]
name = "num-integer"
version = "0.1.39"
source = "registry+https://github.com/rust-lang/crates.io-index"
dependencies = [
 "num-traits 0.2.6 (registry+https://github.com/rust-lang/crates.io-index)",
]

[[package]]
name = "num-traits"
version = "0.2.6"
source = "registry+https://github.com/rust-lang/crates.io-index"

[[package]]
name = "ordermap"
version = "0.3.5"
source = "registry+https://github.com/rust-lang/crates.io-index"

[[package]]
name = "petgraph"
version = "0.4.13"
source = "registry+https://github.com/rust-lang/crates.io-index"
dependencies = [
 "fixedbitset 0.1.9 (registry+https://github.com/rust-lang/crates.io-index)",
 "ordermap 0.3.5 (registry+https://github.com/rust-lang/crates.io-index)",
]

[[package]]
name = "phf_generator"
version = "0.7.23"
source = "registry+https://github.com/rust-lang/crates.io-index"
dependencies = [
 "phf_shared 0.7.23 (registry+https://github.com/rust-lang/crates.io-index)",
 "rand 0.5.5 (registry+https://github.com/rust-lang/crates.io-index)",
]

[[package]]
name = "phf_shared"
version = "0.7.23"
source = "registry+https://github.com/rust-lang/crates.io-index"
dependencies = [
 "siphasher 0.2.3 (registry+https://github.com/rust-lang/crates.io-index)",
]

[[package]]
name = "precomputed-hash"
version = "0.1.1"
source = "registry+https://github.com/rust-lang/crates.io-index"

[[package]]
name = "proc-macro2"
version = "0.4.20"
source = "registry+https://github.com/rust-lang/crates.io-index"
dependencies = [
 "unicode-xid 0.1.0 (registry+https://github.com/rust-lang/crates.io-index)",
]

[[package]]
name = "quick-error"
version = "1.2.2"
source = "registry+https://github.com/rust-lang/crates.io-index"

[[package]]
name = "quote"
version = "0.6.8"
source = "registry+https://github.com/rust-lang/crates.io-index"
dependencies = [
 "proc-macro2 0.4.20 (registry+https://github.com/rust-lang/crates.io-index)",
]

[[package]]
name = "rand"
version = "0.5.5"
source = "registry+https://github.com/rust-lang/crates.io-index"
dependencies = [
 "cloudabi 0.0.3 (registry+https://github.com/rust-lang/crates.io-index)",
 "fuchsia-zircon 0.3.3 (registry+https://github.com/rust-lang/crates.io-index)",
 "libc 0.2.43 (registry+https://github.com/rust-lang/crates.io-index)",
 "rand_core 0.2.2 (registry+https://github.com/rust-lang/crates.io-index)",
 "winapi 0.3.6 (registry+https://github.com/rust-lang/crates.io-index)",
]

[[package]]
name = "rand_core"
version = "0.2.2"
source = "registry+https://github.com/rust-lang/crates.io-index"
dependencies = [
 "rand_core 0.3.0 (registry+https://github.com/rust-lang/crates.io-index)",
]

[[package]]
name = "rand_core"
version = "0.3.0"
source = "registry+https://github.com/rust-lang/crates.io-index"

[[package]]
name = "redox_syscall"
version = "0.1.43"
source = "registry+https://github.com/rust-lang/crates.io-index"

[[package]]
name = "redox_termios"
version = "0.1.1"
source = "registry+https://github.com/rust-lang/crates.io-index"
dependencies = [
 "redox_syscall 0.1.43 (registry+https://github.com/rust-lang/crates.io-index)",
]

[[package]]
name = "regex"
version = "0.2.11"
source = "registry+https://github.com/rust-lang/crates.io-index"
dependencies = [
 "aho-corasick 0.6.8 (registry+https://github.com/rust-lang/crates.io-index)",
 "memchr 2.1.0 (registry+https://github.com/rust-lang/crates.io-index)",
 "regex-syntax 0.5.6 (registry+https://github.com/rust-lang/crates.io-index)",
 "thread_local 0.3.6 (registry+https://github.com/rust-lang/crates.io-index)",
 "utf8-ranges 1.0.1 (registry+https://github.com/rust-lang/crates.io-index)",
]

[[package]]
name = "regex"
version = "1.0.5"
source = "registry+https://github.com/rust-lang/crates.io-index"
dependencies = [
 "aho-corasick 0.6.8 (registry+https://github.com/rust-lang/crates.io-index)",
 "memchr 2.1.0 (registry+https://github.com/rust-lang/crates.io-index)",
 "regex-syntax 0.6.2 (registry+https://github.com/rust-lang/crates.io-index)",
 "thread_local 0.3.6 (registry+https://github.com/rust-lang/crates.io-index)",
 "utf8-ranges 1.0.1 (registry+https://github.com/rust-lang/crates.io-index)",
]

[[package]]
name = "regex-syntax"
version = "0.4.2"
source = "registry+https://github.com/rust-lang/crates.io-index"

[[package]]
name = "regex-syntax"
version = "0.5.6"
source = "registry+https://github.com/rust-lang/crates.io-index"
dependencies = [
 "ucd-util 0.1.1 (registry+https://github.com/rust-lang/crates.io-index)",
]

[[package]]
name = "regex-syntax"
version = "0.6.2"
source = "registry+https://github.com/rust-lang/crates.io-index"
dependencies = [
 "ucd-util 0.1.1 (registry+https://github.com/rust-lang/crates.io-index)",
]

[[package]]
name = "rustc-demangle"
version = "0.1.9"
source = "registry+https://github.com/rust-lang/crates.io-index"

[[package]]
name = "rustpython_parser"
version = "0.0.1"
dependencies = [
 "lalrpop 0.15.2 (registry+https://github.com/rust-lang/crates.io-index)",
 "lalrpop-util 0.15.2 (registry+https://github.com/rust-lang/crates.io-index)",
 "log 0.4.5 (registry+https://github.com/rust-lang/crates.io-index)",
 "num-bigint 0.2.1 (registry+https://github.com/rust-lang/crates.io-index)",
 "num-traits 0.2.6 (registry+https://github.com/rust-lang/crates.io-index)",
 "regex 0.2.11 (registry+https://github.com/rust-lang/crates.io-index)",
]

[[package]]
name = "rustpython_vm"
version = "0.1.0"
dependencies = [
 "bitflags 1.0.4 (registry+https://github.com/rust-lang/crates.io-index)",
 "byteorder 1.2.6 (registry+https://github.com/rust-lang/crates.io-index)",
 "log 0.3.9 (registry+https://github.com/rust-lang/crates.io-index)",
 "num-bigint 0.2.1 (registry+https://github.com/rust-lang/crates.io-index)",
 "num-complex 0.2.1 (registry+https://github.com/rust-lang/crates.io-index)",
 "num-traits 0.2.6 (registry+https://github.com/rust-lang/crates.io-index)",
 "rand 0.5.5 (registry+https://github.com/rust-lang/crates.io-index)",
 "regex 1.0.5 (registry+https://github.com/rust-lang/crates.io-index)",
 "rustpython_parser 0.0.1",
 "serde 1.0.80 (registry+https://github.com/rust-lang/crates.io-index)",
 "serde_derive 1.0.80 (registry+https://github.com/rust-lang/crates.io-index)",
 "serde_json 1.0.32 (registry+https://github.com/rust-lang/crates.io-index)",
 "statrs 0.10.0 (registry+https://github.com/rust-lang/crates.io-index)",
]

[[package]]
name = "rustpython_wasm"
version = "0.1.0"
dependencies = [
 "cfg-if 0.1.6 (registry+https://github.com/rust-lang/crates.io-index)",
 "js-sys 0.3.6 (registry+https://github.com/rust-lang/crates.io-index)",
 "rustpython_parser 0.0.1",
 "rustpython_vm 0.1.0",
 "wasm-bindgen 0.2.29 (registry+https://github.com/rust-lang/crates.io-index)",
 "web-sys 0.3.6 (registry+https://github.com/rust-lang/crates.io-index)",
]

[[package]]
name = "ryu"
version = "0.2.6"
source = "registry+https://github.com/rust-lang/crates.io-index"

[[package]]
name = "serde"
version = "1.0.80"
source = "registry+https://github.com/rust-lang/crates.io-index"

[[package]]
name = "serde_derive"
version = "1.0.80"
source = "registry+https://github.com/rust-lang/crates.io-index"
dependencies = [
 "proc-macro2 0.4.20 (registry+https://github.com/rust-lang/crates.io-index)",
 "quote 0.6.8 (registry+https://github.com/rust-lang/crates.io-index)",
 "syn 0.15.13 (registry+https://github.com/rust-lang/crates.io-index)",
]

[[package]]
name = "serde_json"
version = "1.0.32"
source = "registry+https://github.com/rust-lang/crates.io-index"
dependencies = [
 "itoa 0.4.3 (registry+https://github.com/rust-lang/crates.io-index)",
 "ryu 0.2.6 (registry+https://github.com/rust-lang/crates.io-index)",
 "serde 1.0.80 (registry+https://github.com/rust-lang/crates.io-index)",
]

[[package]]
name = "sha2"
version = "0.7.1"
source = "registry+https://github.com/rust-lang/crates.io-index"
dependencies = [
 "block-buffer 0.3.3 (registry+https://github.com/rust-lang/crates.io-index)",
 "byte-tools 0.2.0 (registry+https://github.com/rust-lang/crates.io-index)",
 "digest 0.7.6 (registry+https://github.com/rust-lang/crates.io-index)",
 "fake-simd 0.1.2 (registry+https://github.com/rust-lang/crates.io-index)",
]

[[package]]
name = "siphasher"
version = "0.2.3"
source = "registry+https://github.com/rust-lang/crates.io-index"

[[package]]
name = "sourcefile"
version = "0.1.4"
source = "registry+https://github.com/rust-lang/crates.io-index"

[[package]]
name = "statrs"
version = "0.10.0"
source = "registry+https://github.com/rust-lang/crates.io-index"
dependencies = [
 "rand 0.5.5 (registry+https://github.com/rust-lang/crates.io-index)",
]

[[package]]
name = "string_cache"
version = "0.7.3"
source = "registry+https://github.com/rust-lang/crates.io-index"
dependencies = [
 "lazy_static 1.1.0 (registry+https://github.com/rust-lang/crates.io-index)",
 "new_debug_unreachable 1.0.1 (registry+https://github.com/rust-lang/crates.io-index)",
 "phf_shared 0.7.23 (registry+https://github.com/rust-lang/crates.io-index)",
 "precomputed-hash 0.1.1 (registry+https://github.com/rust-lang/crates.io-index)",
 "serde 1.0.80 (registry+https://github.com/rust-lang/crates.io-index)",
 "string_cache_codegen 0.4.2 (registry+https://github.com/rust-lang/crates.io-index)",
 "string_cache_shared 0.3.0 (registry+https://github.com/rust-lang/crates.io-index)",
]

[[package]]
name = "string_cache_codegen"
version = "0.4.2"
source = "registry+https://github.com/rust-lang/crates.io-index"
dependencies = [
 "phf_generator 0.7.23 (registry+https://github.com/rust-lang/crates.io-index)",
 "phf_shared 0.7.23 (registry+https://github.com/rust-lang/crates.io-index)",
 "proc-macro2 0.4.20 (registry+https://github.com/rust-lang/crates.io-index)",
 "quote 0.6.8 (registry+https://github.com/rust-lang/crates.io-index)",
 "string_cache_shared 0.3.0 (registry+https://github.com/rust-lang/crates.io-index)",
]

[[package]]
name = "string_cache_shared"
version = "0.3.0"
source = "registry+https://github.com/rust-lang/crates.io-index"

[[package]]
name = "strsim"
version = "0.6.0"
source = "registry+https://github.com/rust-lang/crates.io-index"

[[package]]
name = "syn"
version = "0.15.13"
source = "registry+https://github.com/rust-lang/crates.io-index"
dependencies = [
 "proc-macro2 0.4.20 (registry+https://github.com/rust-lang/crates.io-index)",
 "quote 0.6.8 (registry+https://github.com/rust-lang/crates.io-index)",
 "unicode-xid 0.1.0 (registry+https://github.com/rust-lang/crates.io-index)",
]

[[package]]
name = "synstructure"
version = "0.10.1"
source = "registry+https://github.com/rust-lang/crates.io-index"
dependencies = [
 "proc-macro2 0.4.20 (registry+https://github.com/rust-lang/crates.io-index)",
 "quote 0.6.8 (registry+https://github.com/rust-lang/crates.io-index)",
 "syn 0.15.13 (registry+https://github.com/rust-lang/crates.io-index)",
 "unicode-xid 0.1.0 (registry+https://github.com/rust-lang/crates.io-index)",
]

[[package]]
name = "term"
version = "0.4.6"
source = "registry+https://github.com/rust-lang/crates.io-index"
dependencies = [
 "kernel32-sys 0.2.2 (registry+https://github.com/rust-lang/crates.io-index)",
 "winapi 0.2.8 (registry+https://github.com/rust-lang/crates.io-index)",
]

[[package]]
name = "termcolor"
version = "1.0.4"
source = "registry+https://github.com/rust-lang/crates.io-index"
dependencies = [
 "wincolor 1.0.1 (registry+https://github.com/rust-lang/crates.io-index)",
]

[[package]]
name = "termion"
version = "1.5.1"
source = "registry+https://github.com/rust-lang/crates.io-index"
dependencies = [
 "libc 0.2.43 (registry+https://github.com/rust-lang/crates.io-index)",
 "redox_syscall 0.1.43 (registry+https://github.com/rust-lang/crates.io-index)",
 "redox_termios 0.1.1 (registry+https://github.com/rust-lang/crates.io-index)",
]

[[package]]
name = "thread_local"
version = "0.3.6"
source = "registry+https://github.com/rust-lang/crates.io-index"
dependencies = [
 "lazy_static 1.1.0 (registry+https://github.com/rust-lang/crates.io-index)",
]

[[package]]
name = "typenum"
version = "1.10.0"
source = "registry+https://github.com/rust-lang/crates.io-index"

[[package]]
name = "ucd-util"
version = "0.1.1"
source = "registry+https://github.com/rust-lang/crates.io-index"

[[package]]
name = "unicode-segmentation"
version = "1.2.1"
source = "registry+https://github.com/rust-lang/crates.io-index"

[[package]]
name = "unicode-xid"
version = "0.1.0"
source = "registry+https://github.com/rust-lang/crates.io-index"

[[package]]
name = "unreachable"
version = "1.0.0"
source = "registry+https://github.com/rust-lang/crates.io-index"
dependencies = [
 "void 1.0.2 (registry+https://github.com/rust-lang/crates.io-index)",
]

[[package]]
name = "utf8-ranges"
version = "1.0.1"
source = "registry+https://github.com/rust-lang/crates.io-index"

[[package]]
name = "version_check"
version = "0.1.5"
source = "registry+https://github.com/rust-lang/crates.io-index"

[[package]]
name = "void"
version = "1.0.2"
source = "registry+https://github.com/rust-lang/crates.io-index"

[[package]]
name = "wasm-bindgen"
version = "0.2.29"
source = "registry+https://github.com/rust-lang/crates.io-index"
dependencies = [
 "wasm-bindgen-macro 0.2.29 (registry+https://github.com/rust-lang/crates.io-index)",
]

[[package]]
name = "wasm-bindgen-backend"
version = "0.2.29"
source = "registry+https://github.com/rust-lang/crates.io-index"
dependencies = [
 "lazy_static 1.1.0 (registry+https://github.com/rust-lang/crates.io-index)",
 "log 0.4.5 (registry+https://github.com/rust-lang/crates.io-index)",
 "proc-macro2 0.4.20 (registry+https://github.com/rust-lang/crates.io-index)",
 "quote 0.6.8 (registry+https://github.com/rust-lang/crates.io-index)",
 "syn 0.15.13 (registry+https://github.com/rust-lang/crates.io-index)",
 "wasm-bindgen-shared 0.2.29 (registry+https://github.com/rust-lang/crates.io-index)",
]

[[package]]
name = "wasm-bindgen-macro"
version = "0.2.29"
source = "registry+https://github.com/rust-lang/crates.io-index"
dependencies = [
 "quote 0.6.8 (registry+https://github.com/rust-lang/crates.io-index)",
 "wasm-bindgen-macro-support 0.2.29 (registry+https://github.com/rust-lang/crates.io-index)",
]

[[package]]
name = "wasm-bindgen-macro-support"
version = "0.2.29"
source = "registry+https://github.com/rust-lang/crates.io-index"
dependencies = [
 "proc-macro2 0.4.20 (registry+https://github.com/rust-lang/crates.io-index)",
 "quote 0.6.8 (registry+https://github.com/rust-lang/crates.io-index)",
 "syn 0.15.13 (registry+https://github.com/rust-lang/crates.io-index)",
 "wasm-bindgen-backend 0.2.29 (registry+https://github.com/rust-lang/crates.io-index)",
 "wasm-bindgen-shared 0.2.29 (registry+https://github.com/rust-lang/crates.io-index)",
]

[[package]]
name = "wasm-bindgen-shared"
version = "0.2.29"
source = "registry+https://github.com/rust-lang/crates.io-index"

[[package]]
name = "wasm-bindgen-webidl"
version = "0.2.23"
source = "registry+https://github.com/rust-lang/crates.io-index"
dependencies = [
 "failure 0.1.3 (registry+https://github.com/rust-lang/crates.io-index)",
 "heck 0.3.0 (registry+https://github.com/rust-lang/crates.io-index)",
 "log 0.4.5 (registry+https://github.com/rust-lang/crates.io-index)",
 "proc-macro2 0.4.20 (registry+https://github.com/rust-lang/crates.io-index)",
 "quote 0.6.8 (registry+https://github.com/rust-lang/crates.io-index)",
 "syn 0.15.13 (registry+https://github.com/rust-lang/crates.io-index)",
 "wasm-bindgen-backend 0.2.29 (registry+https://github.com/rust-lang/crates.io-index)",
 "weedle 0.8.0 (registry+https://github.com/rust-lang/crates.io-index)",
]

[[package]]
name = "web-sys"
version = "0.3.6"
source = "registry+https://github.com/rust-lang/crates.io-index"
dependencies = [
 "env_logger 0.6.0 (registry+https://github.com/rust-lang/crates.io-index)",
 "failure 0.1.3 (registry+https://github.com/rust-lang/crates.io-index)",
 "js-sys 0.3.6 (registry+https://github.com/rust-lang/crates.io-index)",
 "sourcefile 0.1.4 (registry+https://github.com/rust-lang/crates.io-index)",
 "wasm-bindgen 0.2.29 (registry+https://github.com/rust-lang/crates.io-index)",
 "wasm-bindgen-webidl 0.2.23 (registry+https://github.com/rust-lang/crates.io-index)",
]

[[package]]
name = "weedle"
version = "0.8.0"
source = "registry+https://github.com/rust-lang/crates.io-index"
dependencies = [
 "nom 4.1.1 (registry+https://github.com/rust-lang/crates.io-index)",
]

[[package]]
name = "winapi"
version = "0.2.8"
source = "registry+https://github.com/rust-lang/crates.io-index"

[[package]]
name = "winapi"
version = "0.3.6"
source = "registry+https://github.com/rust-lang/crates.io-index"
dependencies = [
 "winapi-i686-pc-windows-gnu 0.4.0 (registry+https://github.com/rust-lang/crates.io-index)",
 "winapi-x86_64-pc-windows-gnu 0.4.0 (registry+https://github.com/rust-lang/crates.io-index)",
]

[[package]]
name = "winapi-build"
version = "0.1.1"
source = "registry+https://github.com/rust-lang/crates.io-index"

[[package]]
name = "winapi-i686-pc-windows-gnu"
version = "0.4.0"
source = "registry+https://github.com/rust-lang/crates.io-index"

[[package]]
name = "winapi-util"
version = "0.1.1"
source = "registry+https://github.com/rust-lang/crates.io-index"
dependencies = [
 "winapi 0.3.6 (registry+https://github.com/rust-lang/crates.io-index)",
]

[[package]]
name = "winapi-x86_64-pc-windows-gnu"
version = "0.4.0"
source = "registry+https://github.com/rust-lang/crates.io-index"

[[package]]
name = "wincolor"
version = "1.0.1"
source = "registry+https://github.com/rust-lang/crates.io-index"
dependencies = [
 "winapi 0.3.6 (registry+https://github.com/rust-lang/crates.io-index)",
 "winapi-util 0.1.1 (registry+https://github.com/rust-lang/crates.io-index)",
]

[metadata]
"checksum aho-corasick 0.6.8 (registry+https://github.com/rust-lang/crates.io-index)" = "68f56c7353e5a9547cbd76ed90f7bb5ffc3ba09d4ea9bd1d8c06c8b1142eeb5a"
"checksum arrayref 0.3.5 (registry+https://github.com/rust-lang/crates.io-index)" = "0d382e583f07208808f6b1249e60848879ba3543f57c32277bf52d69c2f0f0ee"
"checksum ascii-canvas 1.0.0 (registry+https://github.com/rust-lang/crates.io-index)" = "b385d69402821a1c254533a011a312531cbcc0e3e24f19bbb4747a5a2daf37e2"
"checksum atty 0.1.2 (registry+https://github.com/rust-lang/crates.io-index)" = "d0fd4c0631f06448cc45a6bbb3b710ebb7ff8ccb96a0800c994afe23a70d5df2"
"checksum atty 0.2.11 (registry+https://github.com/rust-lang/crates.io-index)" = "9a7d5b8723950951411ee34d271d99dddcc2035a16ab25310ea2c8cfd4369652"
"checksum backtrace 0.3.9 (registry+https://github.com/rust-lang/crates.io-index)" = "89a47830402e9981c5c41223151efcced65a0510c13097c769cede7efb34782a"
"checksum backtrace-sys 0.1.24 (registry+https://github.com/rust-lang/crates.io-index)" = "c66d56ac8dabd07f6aacdaf633f4b8262f5b3601a810a0dcddffd5c22c69daa0"
"checksum bit-set 0.4.0 (registry+https://github.com/rust-lang/crates.io-index)" = "d9bf6104718e80d7b26a68fdbacff3481cfc05df670821affc7e9cbc1884400c"
"checksum bit-vec 0.4.4 (registry+https://github.com/rust-lang/crates.io-index)" = "02b4ff8b16e6076c3e14220b39fbc1fabb6737522281a388998046859400895f"
"checksum bitflags 1.0.4 (registry+https://github.com/rust-lang/crates.io-index)" = "228047a76f468627ca71776ecdebd732a3423081fcf5125585bcd7c49886ce12"
"checksum block-buffer 0.3.3 (registry+https://github.com/rust-lang/crates.io-index)" = "a076c298b9ecdb530ed9d967e74a6027d6a7478924520acddcddc24c1c8ab3ab"
"checksum byte-tools 0.2.0 (registry+https://github.com/rust-lang/crates.io-index)" = "560c32574a12a89ecd91f5e742165893f86e3ab98d21f8ea548658eb9eef5f40"
"checksum byteorder 1.2.6 (registry+https://github.com/rust-lang/crates.io-index)" = "90492c5858dd7d2e78691cfb89f90d273a2800fc11d98f60786e5d87e2f83781"
"checksum cc 1.0.25 (registry+https://github.com/rust-lang/crates.io-index)" = "f159dfd43363c4d08055a07703eb7a3406b0dac4d0584d96965a3262db3c9d16"
"checksum cfg-if 0.1.6 (registry+https://github.com/rust-lang/crates.io-index)" = "082bb9b28e00d3c9d39cc03e64ce4cea0f1bb9b3fde493f0cbc008472d22bdf4"
"checksum cloudabi 0.0.3 (registry+https://github.com/rust-lang/crates.io-index)" = "ddfc5b9aa5d4507acaf872de71051dfd0e309860e88966e1051e462a077aac4f"
"checksum diff 0.1.11 (registry+https://github.com/rust-lang/crates.io-index)" = "3c2b69f912779fbb121ceb775d74d51e915af17aaebc38d28a592843a2dd0a3a"
"checksum digest 0.7.6 (registry+https://github.com/rust-lang/crates.io-index)" = "03b072242a8cbaf9c145665af9d250c59af3b958f83ed6824e13533cf76d5b90"
"checksum docopt 0.8.3 (registry+https://github.com/rust-lang/crates.io-index)" = "d8acd393692c503b168471874953a2531df0e9ab77d0b6bbc582395743300a4a"
"checksum either 1.5.0 (registry+https://github.com/rust-lang/crates.io-index)" = "3be565ca5c557d7f59e7cfcf1844f9e3033650c929c6566f511e8005f205c1d0"
"checksum ena 0.5.0 (registry+https://github.com/rust-lang/crates.io-index)" = "cabe5a5078ac8c506d3e4430763b1ba9b609b1286913e7d08e581d1c2de9b7e5"
"checksum env_logger 0.6.0 (registry+https://github.com/rust-lang/crates.io-index)" = "afb070faf94c85d17d50ca44f6ad076bce18ae92f0037d350947240a36e9d42e"
"checksum failure 0.1.3 (registry+https://github.com/rust-lang/crates.io-index)" = "6dd377bcc1b1b7ce911967e3ec24fa19c3224394ec05b54aa7b083d498341ac7"
"checksum failure_derive 0.1.3 (registry+https://github.com/rust-lang/crates.io-index)" = "64c2d913fe8ed3b6c6518eedf4538255b989945c14c2a7d5cbff62a5e2120596"
"checksum fake-simd 0.1.2 (registry+https://github.com/rust-lang/crates.io-index)" = "e88a8acf291dafb59c2d96e8f59828f3838bb1a70398823ade51a84de6a6deed"
"checksum fixedbitset 0.1.9 (registry+https://github.com/rust-lang/crates.io-index)" = "86d4de0081402f5e88cdac65c8dcdcc73118c1a7a465e2a05f0da05843a8ea33"
"checksum fuchsia-zircon 0.3.3 (registry+https://github.com/rust-lang/crates.io-index)" = "2e9763c69ebaae630ba35f74888db465e49e259ba1bc0eda7d06f4a067615d82"
"checksum fuchsia-zircon-sys 0.3.3 (registry+https://github.com/rust-lang/crates.io-index)" = "3dcaa9ae7725d12cdb85b3ad99a434db70b468c09ded17e012d86b5c1010f7a7"
"checksum generic-array 0.9.0 (registry+https://github.com/rust-lang/crates.io-index)" = "ef25c5683767570c2bbd7deba372926a55eaae9982d7726ee2a1050239d45b9d"
"checksum heck 0.3.0 (registry+https://github.com/rust-lang/crates.io-index)" = "ea04fa3ead4e05e51a7c806fc07271fdbde4e246a6c6d1efd52e72230b771b82"
"checksum humantime 1.2.0 (registry+https://github.com/rust-lang/crates.io-index)" = "3ca7e5f2e110db35f93b837c81797f3714500b81d517bf20c431b16d3ca4f114"
"checksum itertools 0.7.8 (registry+https://github.com/rust-lang/crates.io-index)" = "f58856976b776fedd95533137617a02fb25719f40e7d9b01c7043cd65474f450"
"checksum itoa 0.4.3 (registry+https://github.com/rust-lang/crates.io-index)" = "1306f3464951f30e30d12373d31c79fbd52d236e5e896fd92f96ec7babbbe60b"
"checksum js-sys 0.3.6 (registry+https://github.com/rust-lang/crates.io-index)" = "58cfec35fd4a94f3cf357d5cb7da71c71cd52720c2f2a7320090a8db5f06f655"
"checksum kernel32-sys 0.2.2 (registry+https://github.com/rust-lang/crates.io-index)" = "7507624b29483431c0ba2d82aece8ca6cdba9382bff4ddd0f7490560c056098d"
"checksum lalrpop 0.15.2 (registry+https://github.com/rust-lang/crates.io-index)" = "ba451f7bd819b7afc99d4cf4bdcd5a4861e64955ba9680ac70df3a50625ad6cf"
"checksum lalrpop-snap 0.15.2 (registry+https://github.com/rust-lang/crates.io-index)" = "60013fd6be14317d43f47658b1440956a9ca48a9ed0257e0e0a59aac13e43a1f"
"checksum lalrpop-util 0.15.2 (registry+https://github.com/rust-lang/crates.io-index)" = "60c6c48ba857cd700673ce88907cadcdd7e2cd7783ed02378537c5ffd4f6460c"
"checksum lazy_static 1.1.0 (registry+https://github.com/rust-lang/crates.io-index)" = "ca488b89a5657b0a2ecd45b95609b3e848cf1755da332a0da46e2b2b1cb371a7"
"checksum libc 0.2.43 (registry+https://github.com/rust-lang/crates.io-index)" = "76e3a3ef172f1a0b9a9ff0dd1491ae5e6c948b94479a3021819ba7d860c8645d"
"checksum log 0.3.9 (registry+https://github.com/rust-lang/crates.io-index)" = "e19e8d5c34a3e0e2223db8e060f9e8264aeeb5c5fc64a4ee9965c062211c024b"
"checksum log 0.4.5 (registry+https://github.com/rust-lang/crates.io-index)" = "d4fcce5fa49cc693c312001daf1d13411c4a5283796bac1084299ea3e567113f"
"checksum memchr 2.1.0 (registry+https://github.com/rust-lang/crates.io-index)" = "4b3629fe9fdbff6daa6c33b90f7c08355c1aca05a3d01fa8063b822fcf185f3b"
"checksum new_debug_unreachable 1.0.1 (registry+https://github.com/rust-lang/crates.io-index)" = "0cdc457076c78ab54d5e0d6fa7c47981757f1e34dc39ff92787f217dede586c4"
"checksum nom 4.1.1 (registry+https://github.com/rust-lang/crates.io-index)" = "9c349f68f25f596b9f44cf0e7c69752a5c633b0550c3ff849518bfba0233774a"
"checksum num-bigint 0.2.1 (registry+https://github.com/rust-lang/crates.io-index)" = "10b8423ea72ec64751198856a853e07b37087cfc9b53a87ecb19bff67b6d1320"
"checksum num-complex 0.2.1 (registry+https://github.com/rust-lang/crates.io-index)" = "107b9be86cd2481930688277b675b0114578227f034674726605b8a482d8baf8"
"checksum num-integer 0.1.39 (registry+https://github.com/rust-lang/crates.io-index)" = "e83d528d2677f0518c570baf2b7abdcf0cd2d248860b68507bdcb3e91d4c0cea"
"checksum num-traits 0.2.6 (registry+https://github.com/rust-lang/crates.io-index)" = "0b3a5d7cc97d6d30d8b9bc8fa19bf45349ffe46241e8816f50f62f6d6aaabee1"
"checksum ordermap 0.3.5 (registry+https://github.com/rust-lang/crates.io-index)" = "a86ed3f5f244b372d6b1a00b72ef7f8876d0bc6a78a4c9985c53614041512063"
"checksum petgraph 0.4.13 (registry+https://github.com/rust-lang/crates.io-index)" = "9c3659d1ee90221741f65dd128d9998311b0e40c5d3c23a62445938214abce4f"
"checksum phf_generator 0.7.23 (registry+https://github.com/rust-lang/crates.io-index)" = "03dc191feb9b08b0dc1330d6549b795b9d81aec19efe6b4a45aec8d4caee0c4b"
"checksum phf_shared 0.7.23 (registry+https://github.com/rust-lang/crates.io-index)" = "b539898d22d4273ded07f64a05737649dc69095d92cb87c7097ec68e3f150b93"
"checksum precomputed-hash 0.1.1 (registry+https://github.com/rust-lang/crates.io-index)" = "925383efa346730478fb4838dbe9137d2a47675ad789c546d150a6e1dd4ab31c"
"checksum proc-macro2 0.4.20 (registry+https://github.com/rust-lang/crates.io-index)" = "3d7b7eaaa90b4a90a932a9ea6666c95a389e424eff347f0f793979289429feee"
"checksum quick-error 1.2.2 (registry+https://github.com/rust-lang/crates.io-index)" = "9274b940887ce9addde99c4eee6b5c44cc494b182b97e73dc8ffdcb3397fd3f0"
"checksum quote 0.6.8 (registry+https://github.com/rust-lang/crates.io-index)" = "dd636425967c33af890042c483632d33fa7a18f19ad1d7ea72e8998c6ef8dea5"
"checksum rand 0.5.5 (registry+https://github.com/rust-lang/crates.io-index)" = "e464cd887e869cddcae8792a4ee31d23c7edd516700695608f5b98c67ee0131c"
"checksum rand_core 0.2.2 (registry+https://github.com/rust-lang/crates.io-index)" = "1961a422c4d189dfb50ffa9320bf1f2a9bd54ecb92792fb9477f99a1045f3372"
"checksum rand_core 0.3.0 (registry+https://github.com/rust-lang/crates.io-index)" = "0905b6b7079ec73b314d4c748701f6931eb79fd97c668caa3f1899b22b32c6db"
"checksum redox_syscall 0.1.43 (registry+https://github.com/rust-lang/crates.io-index)" = "679da7508e9a6390aeaf7fbd02a800fdc64b73fe2204dd2c8ae66d22d9d5ad5d"
"checksum redox_termios 0.1.1 (registry+https://github.com/rust-lang/crates.io-index)" = "7e891cfe48e9100a70a3b6eb652fef28920c117d366339687bd5576160db0f76"
"checksum regex 0.2.11 (registry+https://github.com/rust-lang/crates.io-index)" = "9329abc99e39129fcceabd24cf5d85b4671ef7c29c50e972bc5afe32438ec384"
"checksum regex 1.0.5 (registry+https://github.com/rust-lang/crates.io-index)" = "2069749032ea3ec200ca51e4a31df41759190a88edca0d2d86ee8bedf7073341"
"checksum regex-syntax 0.4.2 (registry+https://github.com/rust-lang/crates.io-index)" = "8e931c58b93d86f080c734bfd2bce7dd0079ae2331235818133c8be7f422e20e"
"checksum regex-syntax 0.5.6 (registry+https://github.com/rust-lang/crates.io-index)" = "7d707a4fa2637f2dca2ef9fd02225ec7661fe01a53623c1e6515b6916511f7a7"
"checksum regex-syntax 0.6.2 (registry+https://github.com/rust-lang/crates.io-index)" = "747ba3b235651f6e2f67dfa8bcdcd073ddb7c243cb21c442fc12395dfcac212d"
"checksum rustc-demangle 0.1.9 (registry+https://github.com/rust-lang/crates.io-index)" = "bcfe5b13211b4d78e5c2cadfebd7769197d95c639c35a50057eb4c05de811395"
"checksum ryu 0.2.6 (registry+https://github.com/rust-lang/crates.io-index)" = "7153dd96dade874ab973e098cb62fcdbb89a03682e46b144fd09550998d4a4a7"
"checksum serde 1.0.80 (registry+https://github.com/rust-lang/crates.io-index)" = "15c141fc7027dd265a47c090bf864cf62b42c4d228bbcf4e51a0c9e2b0d3f7ef"
"checksum serde_derive 1.0.80 (registry+https://github.com/rust-lang/crates.io-index)" = "225de307c6302bec3898c51ca302fc94a7a1697ef0845fcee6448f33c032249c"
"checksum serde_json 1.0.32 (registry+https://github.com/rust-lang/crates.io-index)" = "43344e7ce05d0d8280c5940cabb4964bea626aa58b1ec0e8c73fa2a8512a38ce"
"checksum sha2 0.7.1 (registry+https://github.com/rust-lang/crates.io-index)" = "9eb6be24e4c23a84d7184280d2722f7f2731fcdd4a9d886efbfe4413e4847ea0"
"checksum siphasher 0.2.3 (registry+https://github.com/rust-lang/crates.io-index)" = "0b8de496cf83d4ed58b6be86c3a275b8602f6ffe98d3024a869e124147a9a3ac"
"checksum sourcefile 0.1.4 (registry+https://github.com/rust-lang/crates.io-index)" = "4bf77cb82ba8453b42b6ae1d692e4cdc92f9a47beaf89a847c8be83f4e328ad3"
"checksum statrs 0.10.0 (registry+https://github.com/rust-lang/crates.io-index)" = "10102ac8d55e35db2b3fafc26f81ba8647da2e15879ab686a67e6d19af2685e8"
"checksum string_cache 0.7.3 (registry+https://github.com/rust-lang/crates.io-index)" = "25d70109977172b127fe834e5449e5ab1740b9ba49fa18a2020f509174f25423"
"checksum string_cache_codegen 0.4.2 (registry+https://github.com/rust-lang/crates.io-index)" = "1eea1eee654ef80933142157fdad9dd8bc43cf7c74e999e369263496f04ff4da"
"checksum string_cache_shared 0.3.0 (registry+https://github.com/rust-lang/crates.io-index)" = "b1884d1bc09741d466d9b14e6d37ac89d6909cbcac41dd9ae982d4d063bbedfc"
"checksum strsim 0.6.0 (registry+https://github.com/rust-lang/crates.io-index)" = "b4d15c810519a91cf877e7e36e63fe068815c678181439f2f29e2562147c3694"
"checksum syn 0.15.13 (registry+https://github.com/rust-lang/crates.io-index)" = "7b4439ee8325b4e4b57e59309c3724c9a4478eaeb4eb094b6f3fac180a3b2876"
"checksum synstructure 0.10.1 (registry+https://github.com/rust-lang/crates.io-index)" = "73687139bf99285483c96ac0add482c3776528beac1d97d444f6e91f203a2015"
"checksum term 0.4.6 (registry+https://github.com/rust-lang/crates.io-index)" = "fa63644f74ce96fbeb9b794f66aff2a52d601cbd5e80f4b97123e3899f4570f1"
"checksum termcolor 1.0.4 (registry+https://github.com/rust-lang/crates.io-index)" = "4096add70612622289f2fdcdbd5086dc81c1e2675e6ae58d6c4f62a16c6d7f2f"
"checksum termion 1.5.1 (registry+https://github.com/rust-lang/crates.io-index)" = "689a3bdfaab439fd92bc87df5c4c78417d3cbe537487274e9b0b2dce76e92096"
"checksum thread_local 0.3.6 (registry+https://github.com/rust-lang/crates.io-index)" = "c6b53e329000edc2b34dbe8545fd20e55a333362d0a321909685a19bd28c3f1b"
"checksum typenum 1.10.0 (registry+https://github.com/rust-lang/crates.io-index)" = "612d636f949607bdf9b123b4a6f6d966dedf3ff669f7f045890d3a4a73948169"
"checksum ucd-util 0.1.1 (registry+https://github.com/rust-lang/crates.io-index)" = "fd2be2d6639d0f8fe6cdda291ad456e23629558d466e2789d2c3e9892bda285d"
"checksum unicode-segmentation 1.2.1 (registry+https://github.com/rust-lang/crates.io-index)" = "aa6024fc12ddfd1c6dbc14a80fa2324d4568849869b779f6bd37e5e4c03344d1"
"checksum unicode-xid 0.1.0 (registry+https://github.com/rust-lang/crates.io-index)" = "fc72304796d0818e357ead4e000d19c9c174ab23dc11093ac919054d20a6a7fc"
"checksum unreachable 1.0.0 (registry+https://github.com/rust-lang/crates.io-index)" = "382810877fe448991dfc7f0dd6e3ae5d58088fd0ea5e35189655f84e6814fa56"
"checksum utf8-ranges 1.0.1 (registry+https://github.com/rust-lang/crates.io-index)" = "fd70f467df6810094968e2fce0ee1bd0e87157aceb026a8c083bcf5e25b9efe4"
"checksum version_check 0.1.5 (registry+https://github.com/rust-lang/crates.io-index)" = "914b1a6776c4c929a602fafd8bc742e06365d4bcbe48c30f9cca5824f70dc9dd"
"checksum void 1.0.2 (registry+https://github.com/rust-lang/crates.io-index)" = "6a02e4885ed3bc0f2de90ea6dd45ebcbb66dacffe03547fadbb0eeae2770887d"
"checksum wasm-bindgen 0.2.29 (registry+https://github.com/rust-lang/crates.io-index)" = "91f95b8f30407b9ca0c2de157281d3828bbed1fc1f55bea6eb54f40c52ec75ec"
"checksum wasm-bindgen-backend 0.2.29 (registry+https://github.com/rust-lang/crates.io-index)" = "ab7c242ebcb45bae45340986c48d1853eb2c1c52ff551f7724951b62a2c51429"
"checksum wasm-bindgen-macro 0.2.29 (registry+https://github.com/rust-lang/crates.io-index)" = "6e353f83716dec9a3597b5719ef88cb6c9e461ec16528f38aa023d3224b4e569"
"checksum wasm-bindgen-macro-support 0.2.29 (registry+https://github.com/rust-lang/crates.io-index)" = "3cc90b65fe69c3dd5a09684517dc79f42b847baa2d479c234d125e0a629d9b0a"
"checksum wasm-bindgen-shared 0.2.29 (registry+https://github.com/rust-lang/crates.io-index)" = "a71a37df4f5845025f96f279d20bbe5b19cbcb77f5410a3a90c6c544d889a162"
"checksum wasm-bindgen-webidl 0.2.23 (registry+https://github.com/rust-lang/crates.io-index)" = "b064b8b2336b5a6bf5f31bc95fc1310842395df29877d910cb6f8f791070f319"
"checksum web-sys 0.3.6 (registry+https://github.com/rust-lang/crates.io-index)" = "7d7c588c2e5a091bc4532c5a87032955f9133b644e868b54d08ead0185dcc5b9"
"checksum weedle 0.8.0 (registry+https://github.com/rust-lang/crates.io-index)" = "26a4c67f132386d965390b8a734d5d10adbcd30eb5cc74bd9229af8b83f10044"
"checksum winapi 0.2.8 (registry+https://github.com/rust-lang/crates.io-index)" = "167dc9d6949a9b857f3451275e911c3f44255842c1f7a76f33c55103a909087a"
"checksum winapi 0.3.6 (registry+https://github.com/rust-lang/crates.io-index)" = "92c1eb33641e276cfa214a0522acad57be5c56b10cb348b3c5117db75f3ac4b0"
"checksum winapi-build 0.1.1 (registry+https://github.com/rust-lang/crates.io-index)" = "2d315eee3b34aca4797b2da6b13ed88266e6d612562a0c46390af8299fc699bc"
"checksum winapi-i686-pc-windows-gnu 0.4.0 (registry+https://github.com/rust-lang/crates.io-index)" = "ac3b87c63620426dd9b991e5ce0329eff545bccbbb34f3be09ff6fb6ab51b7b6"
"checksum winapi-util 0.1.1 (registry+https://github.com/rust-lang/crates.io-index)" = "afc5508759c5bf4285e61feb862b6083c8480aec864fa17a81fdec6f69b461ab"
"checksum winapi-x86_64-pc-windows-gnu 0.4.0 (registry+https://github.com/rust-lang/crates.io-index)" = "712e227841d057c1ee1cd2fb22fa7e5a5461ae8e48fa2ca79ec42cfc1931183f"
"checksum wincolor 1.0.1 (registry+https://github.com/rust-lang/crates.io-index)" = "561ed901ae465d6185fa7864d63fbd5720d0ef718366c9a4dc83cf6170d7e9ba"
